{
  "nodes": {
    "nixpkgs": {
      "locked": {
        "lastModified": 1692251698,
        "narHash": "sha256-f6NeF+I+OOycEqFrqgAoxATaeW86q42r0BjwCHcIAvs=",
        "owner": "NixOS",
        "repo": "nixpkgs",
        "rev": "4107024ef4d9f637b568296f40a2ba0f62b13437",
        "type": "github"
      },
      "original": {
        "id": "nixpkgs",
        "type": "indirect"
      }
    },
    "root": {
      "inputs": {
        "nixpkgs": "nixpkgs",
        "utils": "utils",
        "yarp_src": "yarp_src"
      }
    },
    "utils": {
      "locked": {
        "lastModified": 1667395993,
        "narHash": "sha256-nuEHfE/LcWyuSWnS8t12N1wc105Qtau+/OdUAjtQ0rA=",
        "owner": "numtide",
        "repo": "flake-utils",
        "rev": "5aed5285a952e0b949eb3ba02c12fa4fcfef535f",
        "type": "github"
      },
      "original": {
        "owner": "numtide",
        "repo": "flake-utils",
        "type": "github"
      }
    },
    "yarp_src": {
      "flake": false,
      "locked": {
        "lastModified": 1670373924,
        "narHash": "sha256-VFilfylVFq0N2fwMBsCPj34VyqfaDdcX3W5b/RtRnRk=",
        "owner": "tomjnixon",
        "repo": "yarp",
        "rev": "772aad33247b85c834e9ed8f1fb48edaba98f714",
        "type": "github"
      },
      "original": {
        "owner": "tomjnixon",
        "ref": "time_window",
        "repo": "yarp",
        "type": "github"
      }
    }
  },
  "root": "root",
  "version": 7
}
