{
  "nodes": {
    "nixpkgs": {
      "locked": {
        "lastModified": 1722651103,
        "narHash": "sha256-IRiJA0NVAoyaZeKZluwfb2DoTpBAj+FLI0KfybBeDU0=",
        "owner": "NixOS",
        "repo": "nixpkgs",
        "rev": "a633d89c6dc9a2a8aae11813a62d7c58b2c0cc51",
        "type": "github"
      },
      "original": {
        "id": "nixpkgs",
        "ref": "nixos-24.05",
        "type": "indirect"
      }
    },
    "root": {
      "inputs": {
        "nixpkgs": "nixpkgs",
        "utils": "utils",
        "yarp_src": "yarp_src"
      }
    },
    "utils": {
      "locked": {
        "lastModified": 1667395993,
        "narHash": "sha256-nuEHfE/LcWyuSWnS8t12N1wc105Qtau+/OdUAjtQ0rA=",
        "owner": "numtide",
        "repo": "flake-utils",
        "rev": "5aed5285a952e0b949eb3ba02c12fa4fcfef535f",
        "type": "github"
      },
      "original": {
        "owner": "numtide",
        "repo": "flake-utils",
        "type": "github"
      }
    },
    "yarp_src": {
      "flake": false,
      "locked": {
        "lastModified": 1736683846,
        "narHash": "sha256-oyzvI7vNazk6q7aFoNAgC/6mncqyA9XxQnDnbr+agvg=",
        "owner": "tomjnixon",
        "repo": "yarp",
        "rev": "5201f94dd7997667181f0b0877cf5f0e46faa308",
        "type": "github"
      },
      "original": {
        "owner": "tomjnixon",
        "repo": "yarp",
        "type": "github"
      }
    }
  },
  "root": "root",
  "version": 7
}
